
Microsoft Visual Studio Solution File, Format Version 12.00
# Visual Studio Version 16
VisualStudioVersion = 16.0.31424.327
MinimumVisualStudioVersion = 10.0.40219.1
Project("{8BC9CEB8-8B4A-11D0-8D11-00A0C91BC942}") = "NuLLTerminatersFiles", "NuLLTerminatersFiles\NuLLTerminatersFiles.vcxproj", "{AD234167-376F-44C9-9559-C88E165F1A54}"
EndProject
Project("{8BC9CEB8-8B4A-11D0-8D11-00A0C91BC942}") = "dex", "dex\dex.vcxproj", "{56202B10-0D59-400E-A325-664E030D3F4C}"
EndProject
Project("{8BC9CEB8-8B4A-11D0-8D11-00A0C91BC942}") = "HOMEWORK_STROKI", "STROKI2\STROKI2.vcxproj", "{3215F420-502B-40D0-B667-4CDDF33670D5}"
EndProject
Global
	GlobalSection(SolutionConfigurationPlatforms) = preSolution
		Debug|x64 = Debug|x64
		Debug|x86 = Debug|x86
		Release|x64 = Release|x64
		Release|x86 = Release|x86
	EndGlobalSection
	GlobalSection(ProjectConfigurationPlatforms) = postSolution
		{AD234167-376F-44C9-9559-C88E165F1A54}.Debug|x64.ActiveCfg = Debug|x64
		{AD234167-376F-44C9-9559-C88E165F1A54}.Debug|x64.Build.0 = Debug|x64
		{AD234167-376F-44C9-9559-C88E165F1A54}.Debug|x86.ActiveCfg = Debug|Win32
		{AD234167-376F-44C9-9559-C88E165F1A54}.Debug|x86.Build.0 = Debug|Win32
		{AD234167-376F-44C9-9559-C88E165F1A54}.Release|x64.ActiveCfg = Release|x64
		{AD234167-376F-44C9-9559-C88E165F1A54}.Release|x64.Build.0 = Release|x64
		{AD234167-376F-44C9-9559-C88E165F1A54}.Release|x86.ActiveCfg = Release|Win32
		{AD234167-376F-44C9-9559-C88E165F1A54}.Release|x86.Build.0 = Release|Win32
		{56202B10-0D59-400E-A325-664E030D3F4C}.Debug|x64.ActiveCfg = Debug|x64
		{56202B10-0D59-400E-A325-664E030D3F4C}.Debug|x64.Build.0 = Debug|x64
		{56202B10-0D59-400E-A325-664E030D3F4C}.Debug|x86.ActiveCfg = Debug|Win32
		{56202B10-0D59-400E-A325-664E030D3F4C}.Debug|x86.Build.0 = Debug|Win32
		{56202B10-0D59-400E-A325-664E030D3F4C}.Release|x64.ActiveCfg = Release|x64
		{56202B10-0D59-400E-A325-664E030D3F4C}.Release|x64.Build.0 = Release|x64
		{56202B10-0D59-400E-A325-664E030D3F4C}.Release|x86.ActiveCfg = Release|Win32
		{56202B10-0D59-400E-A325-664E030D3F4C}.Release|x86.Build.0 = Release|Win32
		{3215F420-502B-40D0-B667-4CDDF33670D5}.Debug|x64.ActiveCfg = Debug|x64
		{3215F420-502B-40D0-B667-4CDDF33670D5}.Debug|x64.Build.0 = Debug|x64
		{3215F420-502B-40D0-B667-4CDDF33670D5}.Debug|x86.ActiveCfg = Debug|Win32
		{3215F420-502B-40D0-B667-4CDDF33670D5}.Debug|x86.Build.0 = Debug|Win32
		{3215F420-502B-40D0-B667-4CDDF33670D5}.Release|x64.ActiveCfg = Release|x64
		{3215F420-502B-40D0-B667-4CDDF33670D5}.Release|x64.Build.0 = Release|x64
		{3215F420-502B-40D0-B667-4CDDF33670D5}.Release|x86.ActiveCfg = Release|Win32
		{3215F420-502B-40D0-B667-4CDDF33670D5}.Release|x86.Build.0 = Release|Win32
	EndGlobalSection
	GlobalSection(SolutionProperties) = preSolution
		HideSolutionNode = FALSE
	EndGlobalSection
	GlobalSection(ExtensibilityGlobals) = postSolution
		SolutionGuid = {CB2C3E8D-2DAD-4B7E-AEA8-E2C924AB0F8E}
	EndGlobalSection
EndGlobal
